
Microsoft Visual Studio Solution File, Format Version 12.00
# Visual Studio Version 16
VisualStudioVersion = 16.0.30523.141
MinimumVisualStudioVersion = 10.0.40219.1
Project("{9A19103F-16F7-4668-BE54-9A1E7A4F7556}") = "ProductMarketModels", "ProductMarketModels\ProductMarketModels.csproj", "{70D733EF-3E84-4CCF-BDA9-ACC4DA444B0A}"
EndProject
Project("{9A19103F-16F7-4668-BE54-9A1E7A4F7556}") = "ProductMarketServices", "ProductMarketServices\ProductMarketServices.csproj", "{03362837-FE16-4316-BC24-A281C790A9AE}"
EndProject
Project("{9A19103F-16F7-4668-BE54-9A1E7A4F7556}") = "ProductMarketApi", "ProductMarketApi\ProductMarketApi.csproj", "{FD87B033-7EA1-499E-8A61-B1DD45D4A0C5}"
EndProject
Project("{9A19103F-16F7-4668-BE54-9A1E7A4F7556}") = "ServiceProductMarket", "ServiceProductMarket\ServiceProductMarket.csproj", "{B51F5AB4-A2C6-4EE5-A4B5-B2D69C8CBF64}"
EndProject
Project("{9A19103F-16F7-4668-BE54-9A1E7A4F7556}") = "WebSiteProductMarket", "WebSiteProductMarket\WebSiteProductMarket.csproj", "{5353D3E0-AC82-4CBF-9D4F-39F846AA0758}"
EndProject
Project("{9A19103F-16F7-4668-BE54-9A1E7A4F7556}") = "ElasticSearchService", "ElasticSearchService\ElasticSearchService.csproj", "{3006CA29-80D4-4022-8C6E-86E381993551}"
EndProject
Project("{9A19103F-16F7-4668-BE54-9A1E7A4F7556}") = "ProductMarketModelsElastic", "ProductMarketModelsElastic\ProductMarketModelsElastic.csproj", "{3C3EDCBC-5072-42F7-9966-B47AC2DB6D2B}"
EndProject
Project("{2150E333-8FDC-42A3-9474-1A3956D46DE8}") = "Models", "Models", "{54E0769C-8D4A-4B1B-A384-59342C472D12}"
EndProject
Project("{2150E333-8FDC-42A3-9474-1A3956D46DE8}") = "Api", "Api", "{97A05867-D6AF-4A7A-B4CF-A157D4E7FA64}"
EndProject
Project("{2150E333-8FDC-42A3-9474-1A3956D46DE8}") = "Services", "Services", "{E2190CE8-B775-46F6-934E-8A7CB874A6A2}"
EndProject
Project("{2150E333-8FDC-42A3-9474-1A3956D46DE8}") = "RabbitMqBroker", "RabbitMqBroker", "{A16744BB-7FCA-447C-9F37-B44D2319DF25}"
EndProject
Global
	GlobalSection(SolutionConfigurationPlatforms) = preSolution
		Debug|Any CPU = Debug|Any CPU
		Release|Any CPU = Release|Any CPU
	EndGlobalSection
	GlobalSection(ProjectConfigurationPlatforms) = postSolution
		{70D733EF-3E84-4CCF-BDA9-ACC4DA444B0A}.Debug|Any CPU.ActiveCfg = Debug|Any CPU
		{70D733EF-3E84-4CCF-BDA9-ACC4DA444B0A}.Debug|Any CPU.Build.0 = Debug|Any CPU
		{70D733EF-3E84-4CCF-BDA9-ACC4DA444B0A}.Release|Any CPU.ActiveCfg = Release|Any CPU
		{70D733EF-3E84-4CCF-BDA9-ACC4DA444B0A}.Release|Any CPU.Build.0 = Release|Any CPU
		{03362837-FE16-4316-BC24-A281C790A9AE}.Debug|Any CPU.ActiveCfg = Debug|Any CPU
		{03362837-FE16-4316-BC24-A281C790A9AE}.Debug|Any CPU.Build.0 = Debug|Any CPU
		{03362837-FE16-4316-BC24-A281C790A9AE}.Release|Any CPU.ActiveCfg = Release|Any CPU
		{03362837-FE16-4316-BC24-A281C790A9AE}.Release|Any CPU.Build.0 = Release|Any CPU
		{FD87B033-7EA1-499E-8A61-B1DD45D4A0C5}.Debug|Any CPU.ActiveCfg = Debug|Any CPU
		{FD87B033-7EA1-499E-8A61-B1DD45D4A0C5}.Debug|Any CPU.Build.0 = Debug|Any CPU
		{FD87B033-7EA1-499E-8A61-B1DD45D4A0C5}.Release|Any CPU.ActiveCfg = Release|Any CPU
		{FD87B033-7EA1-499E-8A61-B1DD45D4A0C5}.Release|Any CPU.Build.0 = Release|Any CPU
		{B51F5AB4-A2C6-4EE5-A4B5-B2D69C8CBF64}.Debug|Any CPU.ActiveCfg = Debug|Any CPU
		{B51F5AB4-A2C6-4EE5-A4B5-B2D69C8CBF64}.Debug|Any CPU.Build.0 = Debug|Any CPU
		{B51F5AB4-A2C6-4EE5-A4B5-B2D69C8CBF64}.Release|Any CPU.ActiveCfg = Release|Any CPU
		{B51F5AB4-A2C6-4EE5-A4B5-B2D69C8CBF64}.Release|Any CPU.Build.0 = Release|Any CPU
		{5353D3E0-AC82-4CBF-9D4F-39F846AA0758}.Debug|Any CPU.ActiveCfg = Debug|Any CPU
		{5353D3E0-AC82-4CBF-9D4F-39F846AA0758}.Debug|Any CPU.Build.0 = Debug|Any CPU
		{5353D3E0-AC82-4CBF-9D4F-39F846AA0758}.Release|Any CPU.ActiveCfg = Release|Any CPU
		{5353D3E0-AC82-4CBF-9D4F-39F846AA0758}.Release|Any CPU.Build.0 = Release|Any CPU
		{3006CA29-80D4-4022-8C6E-86E381993551}.Debug|Any CPU.ActiveCfg = Debug|Any CPU
		{3006CA29-80D4-4022-8C6E-86E381993551}.Debug|Any CPU.Build.0 = Debug|Any CPU
		{3006CA29-80D4-4022-8C6E-86E381993551}.Release|Any CPU.ActiveCfg = Release|Any CPU
		{3006CA29-80D4-4022-8C6E-86E381993551}.Release|Any CPU.Build.0 = Release|Any CPU
		{3C3EDCBC-5072-42F7-9966-B47AC2DB6D2B}.Debug|Any CPU.ActiveCfg = Debug|Any CPU
		{3C3EDCBC-5072-42F7-9966-B47AC2DB6D2B}.Debug|Any CPU.Build.0 = Debug|Any CPU
		{3C3EDCBC-5072-42F7-9966-B47AC2DB6D2B}.Release|Any CPU.ActiveCfg = Release|Any CPU
		{3C3EDCBC-5072-42F7-9966-B47AC2DB6D2B}.Release|Any CPU.Build.0 = Release|Any CPU
	EndGlobalSection
	GlobalSection(SolutionProperties) = preSolution
		HideSolutionNode = FALSE
	EndGlobalSection
	GlobalSection(NestedProjects) = preSolution
		{70D733EF-3E84-4CCF-BDA9-ACC4DA444B0A} = {54E0769C-8D4A-4B1B-A384-59342C472D12}
		{03362837-FE16-4316-BC24-A281C790A9AE} = {E2190CE8-B775-46F6-934E-8A7CB874A6A2}
		{FD87B033-7EA1-499E-8A61-B1DD45D4A0C5} = {97A05867-D6AF-4A7A-B4CF-A157D4E7FA64}
		{B51F5AB4-A2C6-4EE5-A4B5-B2D69C8CBF64} = {A16744BB-7FCA-447C-9F37-B44D2319DF25}
		{3006CA29-80D4-4022-8C6E-86E381993551} = {97A05867-D6AF-4A7A-B4CF-A157D4E7FA64}
		{3C3EDCBC-5072-42F7-9966-B47AC2DB6D2B} = {54E0769C-8D4A-4B1B-A384-59342C472D12}
	EndGlobalSection
	GlobalSection(ExtensibilityGlobals) = postSolution
		SolutionGuid = {0FC7AB73-6A9C-4C88-8F80-5E9E972AB626}
	EndGlobalSection
EndGlobal
